
Microsoft Visual Studio Solution File, Format Version 12.00
# Visual Studio 15
VisualStudioVersion = 15.0.27428.2005
MinimumVisualStudioVersion = 10.0.40219.1
Project("{FAE04EC0-301F-11D3-BF4B-00C04F79EFBC}") = "loopdi", "loopdi\loopdi.csproj", "{0D3F346D-07CD-4189-8DE5-6299873CD5FF}"
EndProject
Global
	GlobalSection(SolutionConfigurationPlatforms) = preSolution
		Debug|Any CPU = Debug|Any CPU
		Release|Any CPU = Release|Any CPU
	EndGlobalSection
	GlobalSection(ProjectConfigurationPlatforms) = postSolution
		{0D3F346D-07CD-4189-8DE5-6299873CD5FF}.Debug|Any CPU.ActiveCfg = Debug|Any CPU
		{0D3F346D-07CD-4189-8DE5-6299873CD5FF}.Debug|Any CPU.Build.0 = Debug|Any CPU
		{0D3F346D-07CD-4189-8DE5-6299873CD5FF}.Release|Any CPU.ActiveCfg = Release|Any CPU
		{0D3F346D-07CD-4189-8DE5-6299873CD5FF}.Release|Any CPU.Build.0 = Release|Any CPU
	EndGlobalSection
	GlobalSection(SolutionProperties) = preSolution
		HideSolutionNode = FALSE
	EndGlobalSection
	GlobalSection(ExtensibilityGlobals) = postSolution
		SolutionGuid = {55FAB5A4-660C-456F-8D7C-F147EBE6629E}
	EndGlobalSection
EndGlobal
